<?xml version="1.0" encoding="utf-8"?>
<Project ToolsVersion="4.0" xmlns="http://schemas.microsoft.com/developer/msbuild/2003">
  <ItemGroup>
    <Filter Include="Source Files">
      <UniqueIdentifier>{4FC737F1-C7A5-4376-A066-2A32D752A2FF}</UniqueIdentifier>
      <Extensions>cpp;c;cc;cxx;def;odl;idl;hpj;bat;asm;asmx</Extensions>
    </Filter>
    <Filter Include="Header Files">
      <UniqueIdentifier>{93995380-89BD-4b04-88EB-625FBE52EBFB}</UniqueIdentifier>
      <Extensions>h;hpp;hxx;hm;inl;inc;xsd</Extensions>
    </Filter>
    <Filter Include="Resource Files">
      <UniqueIdentifier>{67DA6AB6-F800-4c08-8B7A-83BB121AAD01}</UniqueIdentifier>
      <Extensions>rc;ico;cur;bmp;dlg;rc2;rct;bin;rgs;gif;jpg;jpeg;jpe;resx;tiff;tif;png;wav;mfcribbon-ms</Extensions>
    </Filter>
  </ItemGroup>
  <ItemGroup>
    <ClCompile Include="cgame.cpp">
      <Filter>Source Files</Filter>
    </ClCompile>
    <ClCompile Include="craiifilein.cpp">
      <Filter>Source Files</Filter>
    </ClCompile>
    <ClCompile Include="craiifileout.cpp">
      <Filter>Source Files</Filter>
    </ClCompile>
    <ClCompile Include="csprite.cpp">
      <Filter>Source Files</Filter>
    </ClCompile>
    <ClCompile Include="cvideo_software.cpp">
      <Filter>Source Files</Filter>
    </ClCompile>
    <ClCompile Include="cwnd_main.cpp">
      <Filter>Source Files</Filter>
    </ClCompile>
    <ClCompile Include="ivideo.cpp">
      <Filter>Source Files</Filter>
    </ClCompile>
    <ClCompile Include="main.cpp">
      <Filter>Source Files</Filter>
    </ClCompile>
    <ClCompile Include="tga.cpp">
      <Filter>Source Files</Filter>
    </ClCompile>
    <ClCompile Include="cpart.cpp">
      <Filter>Source Files</Filter>
    </ClCompile>
    <ClCompile Include="ctile.cpp">
      <Filter>Source Files</Filter>
    </ClCompile>
    <ClCompile Include="ctilessequence.cpp">
      <Filter>Source Files</Filter>
    </ClCompile>
    <ClCompile Include="ipart.cpp">
      <Filter>Source Files</Filter>
    </ClCompile>
    <ClCompile Include="cconditionalofintersection.cpp">
      <Filter>Source Files</Filter>
    </ClCompile>
    <ClCompile Include="cconditionalofuse.cpp">
      <Filter>Source Files</Filter>
    </ClCompile>
    <ClCompile Include="iconditionalexpression.cpp">
      <Filter>Source Files</Filter>
    </ClCompile>
    <ClCompile Include="cactionchangename.cpp">
      <Filter>Source Files</Filter>
    </ClCompile>
    <ClCompile Include="cactionchangeposition.cpp">
      <Filter>Source Files</Filter>
    </ClCompile>
    <ClCompile Include="iaction.cpp">
      <Filter>Source Files</Filter>
    </ClCompile>
    <ClCompile Include="cactionsetanimationstep.cpp">
      <Filter>Source Files</Filter>
    </ClCompile>
    <ClCompile Include="cactionpickup.cpp">
      <Filter>Source Files</Filter>
    </ClCompile>
    <ClCompile Include="cgamestate.cpp">
      <Filter>Source Files</Filter>
    </ClCompile>
    <ClCompile Include="cconditionalofpickup.cpp">
      <Filter>Source Files</Filter>
    </ClCompile>
    <ClCompile Include="cactioncopyposition.cpp">
      <Filter>Source Files</Filter>
    </ClCompile>
    <ClCompile Include="cfontprinter.cpp">
      <Filter>Source Files</Filter>
    </ClCompile>
    <ClCompile Include="cactionmessage.cpp">
      <Filter>Source Files</Filter>
    </ClCompile>
    <ClCompile Include="cactionsetenabled.cpp">
      <Filter>Source Files</Filter>
    </ClCompile>
    <ClCompile Include="cactionchangenameglobal.cpp">
      <Filter>Source Files</Filter>
    </ClCompile>
    <ClCompile Include="cactionsingle.cpp">
      <Filter>Source Files</Filter>
    </ClCompile>
    <ClCompile Include="cactionchangedescription.cpp">
      <Filter>Source Files</Filter>
    </ClCompile>
    <ClCompile Include="cactionchangedescriptionglobal.cpp">
      <Filter>Source Files</Filter>
    </ClCompile>
    <ClCompile Include="cautomath.cpp">
      <Filter>Source Files</Filter>
    </ClCompile>
    <ClCompile Include="clexeme.cpp">
      <Filter>Source Files</Filter>
    </ClCompile>
    <ClCompile Include="clexicalanalyzer.cpp">
      <Filter>Source Files</Filter>
    </ClCompile>
    <ClCompile Include="csyntaxanalyzer.cpp">
      <Filter>Source Files</Filter>
    </ClCompile>
    <ClCompile Include="system.cpp">
      <Filter>Source Files</Filter>
    </ClCompile>
    <ClCompile Include="cactionmove.cpp">
      <Filter>Source Files</Filter>
    </ClCompile>
    <ClCompile Include="cconditionaloftimer.cpp">
      <Filter>Source Files</Filter>
    </ClCompile>
    <ClCompile Include="cconditionalofdizzyintersection.cpp">
      <Filter>Source Files</Filter>
    </ClCompile>
    <ClCompile Include="cactionenergyupdate.cpp">
      <Filter>Source Files</Filter>
    </ClCompile>
    <ClCompile Include="cactionaddlife.cpp">
      <Filter>Source Files</Filter>
    </ClCompile>
    <ClCompile Include="cactionaddscore.cpp">
      <Filter>Source Files</Filter>
    </ClCompile>
    <ClCompile Include="cactionadditem.cpp">
      <Filter>Source Files</Filter>
    </ClCompile>
  </ItemGroup>
  <ItemGroup>
    <ClInclude Include="cgame.h">
      <Filter>Header Files</Filter>
    </ClInclude>
    <ClInclude Include="craiifilein.h">
      <Filter>Header Files</Filter>
    </ClInclude>
    <ClInclude Include="craiifileout.h">
      <Filter>Header Files</Filter>
    </ClInclude>
    <ClInclude Include="csprite.h">
      <Filter>Header Files</Filter>
    </ClInclude>
    <ClInclude Include="cvideo_software.h">
      <Filter>Header Files</Filter>
    </ClInclude>
    <ClInclude Include="cwnd_main.h">
      <Filter>Header Files</Filter>
    </ClInclude>
    <ClInclude Include="ivideo.h">
      <Filter>Header Files</Filter>
    </ClInclude>
    <ClInclude Include="stdafx.h">
      <Filter>Header Files</Filter>
    </ClInclude>
    <ClInclude Include="tga.h">
      <Filter>Header Files</Filter>
    </ClInclude>
    <ClInclude Include="ipart.h">
      <Filter>Header Files</Filter>
    </ClInclude>
    <ClInclude Include="cpart.h">
      <Filter>Header Files</Filter>
    </ClInclude>
    <ClInclude Include="ctile.h">
      <Filter>Header Files</Filter>
    </ClInclude>
    <ClInclude Include="ctilessequence.h">
      <Filter>Header Files</Filter>
    </ClInclude>
    <ClInclude Include="iconditionalexpression.h">
      <Filter>Header Files</Filter>
    </ClInclude>
    <ClInclude Include="cconditionalofintersection.h">
      <Filter>Header Files</Filter>
    </ClInclude>
    <ClInclude Include="cconditionalofuse.h">
      <Filter>Header Files</Filter>
    </ClInclude>
    <ClInclude Include="iaction.h">
      <Filter>Header Files</Filter>
    </ClInclude>
    <ClInclude Include="cactionchangename.h">
      <Filter>Header Files</Filter>
    </ClInclude>
    <ClInclude Include="cactionchangeposition.h">
      <Filter>Header Files</Filter>
    </ClInclude>
    <ClInclude Include="cactionsetanimationstep.h">
      <Filter>Header Files</Filter>
    </ClInclude>
    <ClInclude Include="cgamestate.h">
      <Filter>Header Files</Filter>
    </ClInclude>
    <ClInclude Include="cactionpickup.h">
      <Filter>Header Files</Filter>
    </ClInclude>
    <ClInclude Include="cconditionalofpickup.h">
      <Filter>Header Files</Filter>
    </ClInclude>
    <ClInclude Include="cactioncopyposition.h">
      <Filter>Header Files</Filter>
    </ClInclude>
    <ClInclude Include="cfontprinter.h">
      <Filter>Header Files</Filter>
    </ClInclude>
    <ClInclude Include="cactionmessage.h">
      <Filter>Header Files</Filter>
    </ClInclude>
    <ClInclude Include="cactionsetenabled.h">
      <Filter>Header Files</Filter>
    </ClInclude>
    <ClInclude Include="cactionsingle.h">
      <Filter>Header Files</Filter>
    </ClInclude>
    <ClInclude Include="cactionchangenameglobal.h">
      <Filter>Header Files</Filter>
    </ClInclude>
    <ClInclude Include="cactionchangedescription.h">
      <Filter>Header Files</Filter>
    </ClInclude>
    <ClInclude Include="cactionchangedescriptionglobal.h">
      <Filter>Header Files</Filter>
    </ClInclude>
    <ClInclude Include="csyntaxanalyzer.h">
      <Filter>Header Files</Filter>
    </ClInclude>
    <ClInclude Include="cautomath.h">
      <Filter>Header Files</Filter>
    </ClInclude>
    <ClInclude Include="clexeme.h">
      <Filter>Header Files</Filter>
    </ClInclude>
    <ClInclude Include="clexicalanalyzer.h">
      <Filter>Header Files</Filter>
    </ClInclude>
    <ClInclude Include="system.h">
      <Filter>Header Files</Filter>
    </ClInclude>
    <ClInclude Include="cactionmove.h">
      <Filter>Header Files</Filter>
    </ClInclude>
    <ClInclude Include="cconditionaloftimer.h">
      <Filter>Header Files</Filter>
    </ClInclude>
    <ClInclude Include="cconditionalofdizzyintersection.h">
      <Filter>Header Files</Filter>
    </ClInclude>
    <ClInclude Include="cactionenergyupdate.h">
      <Filter>Header Files</Filter>
    </ClInclude>
    <ClInclude Include="cactionaddlife.h">
      <Filter>Header Files</Filter>
    </ClInclude>
    <ClInclude Include="cactionaddscore.h">
      <Filter>Header Files</Filter>
    </ClInclude>
    <ClInclude Include="cactionadditem.h">
      <Filter>Header Files</Filter>
    </ClInclude>
  </ItemGroup>
</Project>